
Microsoft Visual Studio Solution File, Format Version 12.00
# Visual Studio Version 17
VisualStudioVersion = 17.10.35122.118
MinimumVisualStudioVersion = 10.0.40219.1
Project("{9A19103F-16F7-4668-BE54-9A1E7A4F7556}") = "CustomersAPI", "CustomersAPI\CustomersAPI.csproj", "{8E1BDD6F-F969-462C-B720-701287EF13AB}"
EndProject
Project("{9A19103F-16F7-4668-BE54-9A1E7A4F7556}") = "CustomersUI", "CustomersUI\CustomersUI.csproj", "{89430EC5-AF0D-466A-B3AA-5E82CAD615C2}"
EndProject
Project("{FAE04EC0-301F-11D3-BF4B-00C04F79EFBC}") = "CustomersAPI.UnitTests", "CustomersAPI.UnitTests\CustomersAPI.UnitTests.csproj", "{046F9789-3250-4143-B989-71C8A61B9C3C}"
EndProject
Global
	GlobalSection(SolutionConfigurationPlatforms) = preSolution
		Debug|Any CPU = Debug|Any CPU
		Release|Any CPU = Release|Any CPU
	EndGlobalSection
	GlobalSection(ProjectConfigurationPlatforms) = postSolution
		{8E1BDD6F-F969-462C-B720-701287EF13AB}.Debug|Any CPU.ActiveCfg = Debug|Any CPU
		{8E1BDD6F-F969-462C-B720-701287EF13AB}.Debug|Any CPU.Build.0 = Debug|Any CPU
		{8E1BDD6F-F969-462C-B720-701287EF13AB}.Release|Any CPU.ActiveCfg = Release|Any CPU
		{8E1BDD6F-F969-462C-B720-701287EF13AB}.Release|Any CPU.Build.0 = Release|Any CPU
		{89430EC5-AF0D-466A-B3AA-5E82CAD615C2}.Debug|Any CPU.ActiveCfg = Debug|Any CPU
		{89430EC5-AF0D-466A-B3AA-5E82CAD615C2}.Debug|Any CPU.Build.0 = Debug|Any CPU
		{89430EC5-AF0D-466A-B3AA-5E82CAD615C2}.Release|Any CPU.ActiveCfg = Release|Any CPU
		{89430EC5-AF0D-466A-B3AA-5E82CAD615C2}.Release|Any CPU.Build.0 = Release|Any CPU
		{046F9789-3250-4143-B989-71C8A61B9C3C}.Debug|Any CPU.ActiveCfg = Debug|Any CPU
		{046F9789-3250-4143-B989-71C8A61B9C3C}.Debug|Any CPU.Build.0 = Debug|Any CPU
		{046F9789-3250-4143-B989-71C8A61B9C3C}.Release|Any CPU.ActiveCfg = Release|Any CPU
		{046F9789-3250-4143-B989-71C8A61B9C3C}.Release|Any CPU.Build.0 = Release|Any CPU
	EndGlobalSection
	GlobalSection(SolutionProperties) = preSolution
		HideSolutionNode = FALSE
	EndGlobalSection
	GlobalSection(ExtensibilityGlobals) = postSolution
		SolutionGuid = {B2D23C32-F1CB-48AD-A284-952F4A49DF67}
	EndGlobalSection
EndGlobal
